
Microsoft Visual Studio Solution File, Format Version 12.00
# Visual Studio 15
VisualStudioVersion = 15.0.26730.8
MinimumVisualStudioVersion = 10.0.40219.1
Project("{8BC9CEB8-8B4A-11D0-8D11-00A0C91BC942}") = "CodeCup2018_VS2017", "CodeCup2018_VS2017\CodeCup2018_VS2017.vcxproj", "{6CAEA7FA-563B-4AFB-9DD0-B1CF6848E6C5}"
EndProject
Global
	GlobalSection(SolutionConfigurationPlatforms) = preSolution
		Debug|x64 = Debug|x64
		Debug|x86 = Debug|x86
		Release|x64 = Release|x64
		Release|x86 = Release|x86
	EndGlobalSection
	GlobalSection(ProjectConfigurationPlatforms) = postSolution
		{6CAEA7FA-563B-4AFB-9DD0-B1CF6848E6C5}.Debug|x64.ActiveCfg = Debug|x64
		{6CAEA7FA-563B-4AFB-9DD0-B1CF6848E6C5}.Debug|x64.Build.0 = Debug|x64
		{6CAEA7FA-563B-4AFB-9DD0-B1CF6848E6C5}.Debug|x86.ActiveCfg = Debug|Win32
		{6CAEA7FA-563B-4AFB-9DD0-B1CF6848E6C5}.Debug|x86.Build.0 = Debug|Win32
		{6CAEA7FA-563B-4AFB-9DD0-B1CF6848E6C5}.Release|x64.ActiveCfg = Release|x64
		{6CAEA7FA-563B-4AFB-9DD0-B1CF6848E6C5}.Release|x64.Build.0 = Release|x64
		{6CAEA7FA-563B-4AFB-9DD0-B1CF6848E6C5}.Release|x86.ActiveCfg = Release|Win32
		{6CAEA7FA-563B-4AFB-9DD0-B1CF6848E6C5}.Release|x86.Build.0 = Release|Win32
	EndGlobalSection
	GlobalSection(SolutionProperties) = preSolution
		HideSolutionNode = FALSE
	EndGlobalSection
	GlobalSection(ExtensibilityGlobals) = postSolution
		SolutionGuid = {5C596A95-506A-4799-9BB1-078B53173348}
	EndGlobalSection
EndGlobal
